// !$*UTF8*$!
{
	archiveVersion = 1;
	classes = {
	};
	objectVersion = 46;
	objects = {

/* Begin PBXBuildFile section */
		45A2A7A11999E72300B1263E /* Foundation.framework in Frameworks */ = {isa = PBXBuildFile; fileRef = 45A2A7A01999E72300B1263E /* Foundation.framework */; };
		45A2A7A31999E72300B1263E /* CoreGraphics.framework in Frameworks */ = {isa = PBXBuildFile; fileRef = 45A2A7A21999E72300B1263E /* CoreGraphics.framework */; };
		45A2A7A51999E72300B1263E /* UIKit.framework in Frameworks */ = {isa = PBXBuildFile; fileRef = 45A2A7A41999E72300B1263E /* UIKit.framework */; };
		45A2A7AB1999E72300B1263E /* InfoPlist.strings in Resources */ = {isa = PBXBuildFile; fileRef = 45A2A7A91999E72300B1263E /* InfoPlist.strings */; };
		45A2A7AD1999E72300B1263E /* main.m in Sources */ = {isa = PBXBuildFile; fileRef = 45A2A7AC1999E72300B1263E /* main.m */; };
		45A2A7B11999E72300B1263E /* MKNetworkKitAppDelegate.m in Sources */ = {isa = PBXBuildFile; fileRef = 45A2A7B01999E72300B1263E /* MKNetworkKitAppDelegate.m */; };
		45A2A7B41999E72300B1263E /* Main.storyboard in Resources */ = {isa = PBXBuildFile; fileRef = 45A2A7B21999E72300B1263E /* Main.storyboard */; };
		45A2A7B71999E72300B1263E /* MKNetworkKitViewController.m in Sources */ = {isa = PBXBuildFile; fileRef = 45A2A7B61999E72300B1263E /* MKNetworkKitViewController.m */; };
		45A2A7B91999E72300B1263E /* Images.xcassets in Resources */ = {isa = PBXBuildFile; fileRef = 45A2A7B81999E72300B1263E /* Images.xcassets */; };
		45A2A7C01999E72300B1263E /* XCTest.framework in Frameworks */ = {isa = PBXBuildFile; fileRef = 45A2A7BF1999E72300B1263E /* XCTest.framework */; };
		45A2A7C11999E72300B1263E /* Foundation.framework in Frameworks */ = {isa = PBXBuildFile; fileRef = 45A2A7A01999E72300B1263E /* Foundation.framework */; };
		45A2A7C21999E72300B1263E /* UIKit.framework in Frameworks */ = {isa = PBXBuildFile; fileRef = 45A2A7A41999E72300B1263E /* UIKit.framework */; };
		45A2A7CA1999E72400B1263E /* InfoPlist.strings in Resources */ = {isa = PBXBuildFile; fileRef = 45A2A7C81999E72400B1263E /* InfoPlist.strings */; };
		45A2A7CC1999E72400B1263E /* MKNetworkKit_DemoTests.m in Sources */ = {isa = PBXBuildFile; fileRef = 45A2A7CB1999E72400B1263E /* MKNetworkKit_DemoTests.m */; };
		45A2A7EA1999E90A00B1263E /* NSData+MKBase64.m in Sources */ = {isa = PBXBuildFile; fileRef = 45A2A7D81999E90A00B1263E /* NSData+MKBase64.m */; };
		45A2A7EB1999E90A00B1263E /* NSDate+RFC1123.m in Sources */ = {isa = PBXBuildFile; fileRef = 45A2A7DA1999E90A00B1263E /* NSDate+RFC1123.m */; };
		45A2A7EC1999E90A00B1263E /* NSDictionary+RequestEncoding.m in Sources */ = {isa = PBXBuildFile; fileRef = 45A2A7DC1999E90A00B1263E /* NSDictionary+RequestEncoding.m */; };
		45A2A7ED1999E90A00B1263E /* NSString+MKNetworkKitAdditions.m in Sources */ = {isa = PBXBuildFile; fileRef = 45A2A7DE1999E90A00B1263E /* NSString+MKNetworkKitAdditions.m */; };
		45A2A7EE1999E90A00B1263E /* UIAlertView+MKNetworkKitAdditions.m in Sources */ = {isa = PBXBuildFile; fileRef = 45A2A7E01999E90A00B1263E /* UIAlertView+MKNetworkKitAdditions.m */; };
		45A2A7EF1999E90A00B1263E /* UIImageView+MKNetworkKitAdditions.m in Sources */ = {isa = PBXBuildFile; fileRef = 45A2A7E21999E90A00B1263E /* UIImageView+MKNetworkKitAdditions.m */; };
		45A2A7F01999E90A00B1263E /* MKNetworkEngine.m in Sources */ = {isa = PBXBuildFile; fileRef = 45A2A7E41999E90A00B1263E /* MKNetworkEngine.m */; };
		45A2A7F11999E90A00B1263E /* MKNetworkOperation.m in Sources */ = {isa = PBXBuildFile; fileRef = 45A2A7E71999E90A00B1263E /* MKNetworkOperation.m */; };
		45A2A7F21999E90A00B1263E /* Reachability.m in Sources */ = {isa = PBXBuildFile; fileRef = 45A2A7E91999E90A00B1263E /* Reachability.m */; };
		45A2A7FC1999FD9500B1263E /* ProgressView.m in Sources */ = {isa = PBXBuildFile; fileRef = 45A2A7FB1999FD9500B1263E /* ProgressView.m */; };
		45A2A7FE1999FE5A00B1263E /* ProgressView.bundle in Resources */ = {isa = PBXBuildFile; fileRef = 45A2A7FD1999FE5A00B1263E /* ProgressView.bundle */; };
/* End PBXBuildFile section */

/* Begin PBXContainerItemProxy section */
		45A2A7C31999E72300B1263E /* PBXContainerItemProxy */ = {
			isa = PBXContainerItemProxy;
			containerPortal = 45A2A7951999E72300B1263E /* Project object */;
			proxyType = 1;
			remoteGlobalIDString = 45A2A79C1999E72300B1263E;
			remoteInfo = MKNetworkKit_Demo;
		};
/* End PBXContainerItemProxy section */

/* Begin PBXFileReference section */
		45A2A79D1999E72300B1263E /* MKNetworkKit_Demo.app */ = {isa = PBXFileReference; explicitFileType = wrapper.application; includeInIndex = 0; path = MKNetworkKit_Demo.app; sourceTree = BUILT_PRODUCTS_DIR; };
		45A2A7A01999E72300B1263E /* Foundation.framework */ = {isa = PBXFileReference; lastKnownFileType = wrapper.framework; name = Foundation.framework; path = System/Library/Frameworks/Foundation.framework; sourceTree = SDKROOT; };
		45A2A7A21999E72300B1263E /* CoreGraphics.framework */ = {isa = PBXFileReference; lastKnownFileType = wrapper.framework; name = CoreGraphics.framework; path = System/Library/Frameworks/CoreGraphics.framework; sourceTree = SDKROOT; };
		45A2A7A41999E72300B1263E /* UIKit.framework */ = {isa = PBXFileReference; lastKnownFileType = wrapper.framework; name = UIKit.framework; path = System/Library/Frameworks/UIKit.framework; sourceTree = SDKROOT; };
		45A2A7A81999E72300B1263E /* MKNetworkKit_Demo-Info.plist */ = {isa = PBXFileReference; lastKnownFileType = text.plist.xml; path = "MKNetworkKit_Demo-Info.plist"; sourceTree = "<group>"; };
		45A2A7AA1999E72300B1263E /* en */ = {isa = PBXFileReference; lastKnownFileType = text.plist.strings; name = en; path = en.lproj/InfoPlist.strings; sourceTree = "<group>"; };
		45A2A7AC1999E72300B1263E /* main.m */ = {isa = PBXFileReference; lastKnownFileType = sourcecode.c.objc; path = main.m; sourceTree = "<group>"; };
		45A2A7AE1999E72300B1263E /* MKNetworkKit_Demo-Prefix.pch */ = {isa = PBXFileReference; lastKnownFileType = sourcecode.c.h; path = "MKNetworkKit_Demo-Prefix.pch"; sourceTree = "<group>"; };
		45A2A7AF1999E72300B1263E /* MKNetworkKitAppDelegate.h */ = {isa = PBXFileReference; lastKnownFileType = sourcecode.c.h; path = MKNetworkKitAppDelegate.h; sourceTree = "<group>"; };
		45A2A7B01999E72300B1263E /* MKNetworkKitAppDelegate.m */ = {isa = PBXFileReference; lastKnownFileType = sourcecode.c.objc; path = MKNetworkKitAppDelegate.m; sourceTree = "<group>"; };
		45A2A7B31999E72300B1263E /* Base */ = {isa = PBXFileReference; lastKnownFileType = file.storyboard; name = Base; path = Base.lproj/Main.storyboard; sourceTree = "<group>"; };
		45A2A7B51999E72300B1263E /* MKNetworkKitViewController.h */ = {isa = PBXFileReference; lastKnownFileType = sourcecode.c.h; path = MKNetworkKitViewController.h; sourceTree = "<group>"; };
		45A2A7B61999E72300B1263E /* MKNetworkKitViewController.m */ = {isa = PBXFileReference; lastKnownFileType = sourcecode.c.objc; path = MKNetworkKitViewController.m; sourceTree = "<group>"; };
		45A2A7B81999E72300B1263E /* Images.xcassets */ = {isa = PBXFileReference; lastKnownFileType = folder.assetcatalog; path = Images.xcassets; sourceTree = "<group>"; };
		45A2A7BE1999E72300B1263E /* MKNetworkKit_DemoTests.xctest */ = {isa = PBXFileReference; explicitFileType = wrapper.cfbundle; includeInIndex = 0; path = MKNetworkKit_DemoTests.xctest; sourceTree = BUILT_PRODUCTS_DIR; };
		45A2A7BF1999E72300B1263E /* XCTest.framework */ = {isa = PBXFileReference; lastKnownFileType = wrapper.framework; name = XCTest.framework; path = Library/Frameworks/XCTest.framework; sourceTree = DEVELOPER_DIR; };
		45A2A7C71999E72300B1263E /* MKNetworkKit_DemoTests-Info.plist */ = {isa = PBXFileReference; lastKnownFileType = text.plist.xml; path = "MKNetworkKit_DemoTests-Info.plist"; sourceTree = "<group>"; };
		45A2A7C91999E72400B1263E /* en */ = {isa = PBXFileReference; lastKnownFileType = text.plist.strings; name = en; path = en.lproj/InfoPlist.strings; sourceTree = "<group>"; };
		45A2A7CB1999E72400B1263E /* MKNetworkKit_DemoTests.m */ = {isa = PBXFileReference; lastKnownFileType = sourcecode.c.objc; path = MKNetworkKit_DemoTests.m; sourceTree = "<group>"; };
		45A2A7D71999E90A00B1263E /* NSData+MKBase64.h */ = {isa = PBXFileReference; fileEncoding = 4; lastKnownFileType = sourcecode.c.h; path = "NSData+MKBase64.h"; sourceTree = "<group>"; };
		45A2A7D81999E90A00B1263E /* NSData+MKBase64.m */ = {isa = PBXFileReference; fileEncoding = 4; lastKnownFileType = sourcecode.c.objc; path = "NSData+MKBase64.m"; sourceTree = "<group>"; };
		45A2A7D91999E90A00B1263E /* NSDate+RFC1123.h */ = {isa = PBXFileReference; fileEncoding = 4; lastKnownFileType = sourcecode.c.h; path = "NSDate+RFC1123.h"; sourceTree = "<group>"; };
		45A2A7DA1999E90A00B1263E /* NSDate+RFC1123.m */ = {isa = PBXFileReference; fileEncoding = 4; lastKnownFileType = sourcecode.c.objc; path = "NSDate+RFC1123.m"; sourceTree = "<group>"; };
		45A2A7DB1999E90A00B1263E /* NSDictionary+RequestEncoding.h */ = {isa = PBXFileReference; fileEncoding = 4; lastKnownFileType = sourcecode.c.h; path = "NSDictionary+RequestEncoding.h"; sourceTree = "<group>"; };
		45A2A7DC1999E90A00B1263E /* NSDictionary+RequestEncoding.m */ = {isa = PBXFileReference; fileEncoding = 4; lastKnownFileType = sourcecode.c.objc; path = "NSDictionary+RequestEncoding.m"; sourceTree = "<group>"; };
		45A2A7DD1999E90A00B1263E /* NSString+MKNetworkKitAdditions.h */ = {isa = PBXFileReference; fileEncoding = 4; lastKnownFileType = sourcecode.c.h; path = "NSString+MKNetworkKitAdditions.h"; sourceTree = "<group>"; };
		45A2A7DE1999E90A00B1263E /* NSString+MKNetworkKitAdditions.m */ = {isa = PBXFileReference; fileEncoding = 4; lastKnownFileType = sourcecode.c.objc; path = "NSString+MKNetworkKitAdditions.m"; sourceTree = "<group>"; };
		45A2A7DF1999E90A00B1263E /* UIAlertView+MKNetworkKitAdditions.h */ = {isa = PBXFileReference; fileEncoding = 4; lastKnownFileType = sourcecode.c.h; path = "UIAlertView+MKNetworkKitAdditions.h"; sourceTree = "<group>"; };
		45A2A7E01999E90A00B1263E /* UIAlertView+MKNetworkKitAdditions.m */ = {isa = PBXFileReference; fileEncoding = 4; lastKnownFileType = sourcecode.c.objc; path = "UIAlertView+MKNetworkKitAdditions.m"; sourceTree = "<group>"; };
		45A2A7E11999E90A00B1263E /* UIImageView+MKNetworkKitAdditions.h */ = {isa = PBXFileReference; fileEncoding = 4; lastKnownFileType = sourcecode.c.h; path = "UIImageView+MKNetworkKitAdditions.h"; sourceTree = "<group>"; };
		45A2A7E21999E90A00B1263E /* UIImageView+MKNetworkKitAdditions.m */ = {isa = PBXFileReference; fileEncoding = 4; lastKnownFileType = sourcecode.c.objc; path = "UIImageView+MKNetworkKitAdditions.m"; sourceTree = "<group>"; };
		45A2A7E31999E90A00B1263E /* MKNetworkEngine.h */ = {isa = PBXFileReference; fileEncoding = 4; lastKnownFileType = sourcecode.c.h; path = MKNetworkEngine.h; sourceTree = "<group>"; };
		45A2A7E41999E90A00B1263E /* MKNetworkEngine.m */ = {isa = PBXFileReference; fileEncoding = 4; lastKnownFileType = sourcecode.c.objc; path = MKNetworkEngine.m; sourceTree = "<group>"; };
		45A2A7E51999E90A00B1263E /* MKNetworkKit.h */ = {isa = PBXFileReference; fileEncoding = 4; lastKnownFileType = sourcecode.c.h; path = MKNetworkKit.h; sourceTree = "<group>"; };
		45A2A7E61999E90A00B1263E /* MKNetworkOperation.h */ = {isa = PBXFileReference; fileEncoding = 4; lastKnownFileType = sourcecode.c.h; path = MKNetworkOperation.h; sourceTree = "<group>"; };
		45A2A7E71999E90A00B1263E /* MKNetworkOperation.m */ = {isa = PBXFileReference; fileEncoding = 4; lastKnownFileType = sourcecode.c.objc; path = MKNetworkOperation.m; sourceTree = "<group>"; };
		45A2A7E81999E90A00B1263E /* Reachability.h */ = {isa = PBXFileReference; fileEncoding = 4; lastKnownFileType = sourcecode.c.h; path = Reachability.h; sourceTree = "<group>"; };
		45A2A7E91999E90A00B1263E /* Reachability.m */ = {isa = PBXFileReference; fileEncoding = 4; lastKnownFileType = sourcecode.c.objc; path = Reachability.m; sourceTree = "<group>"; };
		45A2A7FA1999FD9500B1263E /* ProgressView.h */ = {isa = PBXFileReference; fileEncoding = 4; lastKnownFileType = sourcecode.c.h; path = ProgressView.h; sourceTree = "<group>"; };
		45A2A7FB1999FD9500B1263E /* ProgressView.m */ = {isa = PBXFileReference; fileEncoding = 4; lastKnownFileType = sourcecode.c.objc; path = ProgressView.m; sourceTree = "<group>"; };
		45A2A7FD1999FE5A00B1263E /* ProgressView.bundle */ = {isa = PBXFileReference; lastKnownFileType = "wrapper.plug-in"; path = ProgressView.bundle; sourceTree = "<group>"; };
/* End PBXFileReference section */

/* Begin PBXFrameworksBuildPhase section */
		45A2A79A1999E72300B1263E /* Frameworks */ = {
			isa = PBXFrameworksBuildPhase;
			buildActionMask = 2147483647;
			files = (
				45A2A7A31999E72300B1263E /* CoreGraphics.framework in Frameworks */,
				45A2A7A51999E72300B1263E /* UIKit.framework in Frameworks */,
				45A2A7A11999E72300B1263E /* Foundation.framework in Frameworks */,
			);
			runOnlyForDeploymentPostprocessing = 0;
		};
		45A2A7BB1999E72300B1263E /* Frameworks */ = {
			isa = PBXFrameworksBuildPhase;
			buildActionMask = 2147483647;
			files = (
				45A2A7C01999E72300B1263E /* XCTest.framework in Frameworks */,
				45A2A7C21999E72300B1263E /* UIKit.framework in Frameworks */,
				45A2A7C11999E72300B1263E /* Foundation.framework in Frameworks */,
			);
			runOnlyForDeploymentPostprocessing = 0;
		};
/* End PBXFrameworksBuildPhase section */

/* Begin PBXGroup section */
		45A2A7941999E72300B1263E = {
			isa = PBXGroup;
			children = (
				45A2A7D51999E90A00B1263E /* MKNetworkKit */,
				45A2A7A61999E72300B1263E /* MKNetworkKit_Demo */,
				45A2A7C51999E72300B1263E /* MKNetworkKit_DemoTests */,
				45A2A79F1999E72300B1263E /* Frameworks */,
				45A2A79E1999E72300B1263E /* Products */,
			);
			sourceTree = "<group>";
		};
		45A2A79E1999E72300B1263E /* Products */ = {
			isa = PBXGroup;
			children = (
				45A2A79D1999E72300B1263E /* MKNetworkKit_Demo.app */,
				45A2A7BE1999E72300B1263E /* MKNetworkKit_DemoTests.xctest */,
			);
			name = Products;
			sourceTree = "<group>";
		};
		45A2A79F1999E72300B1263E /* Frameworks */ = {
			isa = PBXGroup;
			children = (
				45A2A7A01999E72300B1263E /* Foundation.framework */,
				45A2A7A21999E72300B1263E /* CoreGraphics.framework */,
				45A2A7A41999E72300B1263E /* UIKit.framework */,
				45A2A7BF1999E72300B1263E /* XCTest.framework */,
			);
			name = Frameworks;
			sourceTree = "<group>";
		};
		45A2A7A61999E72300B1263E /* MKNetworkKit_Demo */ = {
			isa = PBXGroup;
			children = (
				45A2A7B21999E72300B1263E /* Main.storyboard */,
				45A2A7FA1999FD9500B1263E /* ProgressView.h */,
				45A2A7FB1999FD9500B1263E /* ProgressView.m */,
				45A2A7FD1999FE5A00B1263E /* ProgressView.bundle */,
				45A2A7AF1999E72300B1263E /* MKNetworkKitAppDelegate.h */,
				45A2A7B01999E72300B1263E /* MKNetworkKitAppDelegate.m */,
				45A2A7B51999E72300B1263E /* MKNetworkKitViewController.h */,
				45A2A7B61999E72300B1263E /* MKNetworkKitViewController.m */,
				45A2A7B81999E72300B1263E /* Images.xcassets */,
				45A2A7A71999E72300B1263E /* Supporting Files */,
			);
			path = MKNetworkKit_Demo;
			sourceTree = "<group>";
		};
		45A2A7A71999E72300B1263E /* Supporting Files */ = {
			isa = PBXGroup;
			children = (
				45A2A7A81999E72300B1263E /* MKNetworkKit_Demo-Info.plist */,
				45A2A7A91999E72300B1263E /* InfoPlist.strings */,
				45A2A7AC1999E72300B1263E /* main.m */,
				45A2A7AE1999E72300B1263E /* MKNetworkKit_Demo-Prefix.pch */,
			);
			name = "Supporting Files";
			sourceTree = "<group>";
		};
		45A2A7C51999E72300B1263E /* MKNetworkKit_DemoTests */ = {
			isa = PBXGroup;
			children = (
				45A2A7CB1999E72400B1263E /* MKNetworkKit_DemoTests.m */,
				45A2A7C61999E72300B1263E /* Supporting Files */,
			);
			path = MKNetworkKit_DemoTests;
			sourceTree = "<group>";
		};
		45A2A7C61999E72300B1263E /* Supporting Files */ = {
			isa = PBXGroup;
			children = (
				45A2A7C71999E72300B1263E /* MKNetworkKit_DemoTests-Info.plist */,
				45A2A7C81999E72400B1263E /* InfoPlist.strings */,
			);
			name = "Supporting Files";
			sourceTree = "<group>";
		};
		45A2A7D51999E90A00B1263E /* MKNetworkKit */ = {
			isa = PBXGroup;
			children = (
				45A2A7D61999E90A00B1263E /* Categories */,
				45A2A7E31999E90A00B1263E /* MKNetworkEngine.h */,
				45A2A7E41999E90A00B1263E /* MKNetworkEngine.m */,
				45A2A7E51999E90A00B1263E /* MKNetworkKit.h */,
				45A2A7E61999E90A00B1263E /* MKNetworkOperation.h */,
				45A2A7E71999E90A00B1263E /* MKNetworkOperation.m */,
				45A2A7E81999E90A00B1263E /* Reachability.h */,
				45A2A7E91999E90A00B1263E /* Reachability.m */,
			);
			name = MKNetworkKit;
			path = MKNetworkKit_Demo/MKNetworkKit;
			sourceTree = "<group>";
		};
		45A2A7D61999E90A00B1263E /* Categories */ = {
			isa = PBXGroup;
			children = (
				45A2A7D71999E90A00B1263E /* NSData+MKBase64.h */,
				45A2A7D81999E90A00B1263E /* NSData+MKBase64.m */,
				45A2A7D91999E90A00B1263E /* NSDate+RFC1123.h */,
				45A2A7DA1999E90A00B1263E /* NSDate+RFC1123.m */,
				45A2A7DB1999E90A00B1263E /* NSDictionary+RequestEncoding.h */,
				45A2A7DC1999E90A00B1263E /* NSDictionary+RequestEncoding.m */,
				45A2A7DD1999E90A00B1263E /* NSString+MKNetworkKitAdditions.h */,
				45A2A7DE1999E90A00B1263E /* NSString+MKNetworkKitAdditions.m */,
				45A2A7DF1999E90A00B1263E /* UIAlertView+MKNetworkKitAdditions.h */,
				45A2A7E01999E90A00B1263E /* UIAlertView+MKNetworkKitAdditions.m */,
				45A2A7E11999E90A00B1263E /* UIImageView+MKNetworkKitAdditions.h */,
				45A2A7E21999E90A00B1263E /* UIImageView+MKNetworkKitAdditions.m */,
			);
			path = Categories;
			sourceTree = "<group>";
		};
/* End PBXGroup section */

/* Begin PBXNativeTarget section */
		45A2A79C1999E72300B1263E /* MKNetworkKit_Demo */ = {
			isa = PBXNativeTarget;
			buildConfigurationList = 45A2A7CF1999E72400B1263E /* Build configuration list for PBXNativeTarget "MKNetworkKit_Demo" */;
			buildPhases = (
				45A2A7991999E72300B1263E /* Sources */,
				45A2A79A1999E72300B1263E /* Frameworks */,
				45A2A79B1999E72300B1263E /* Resources */,
			);
			buildRules = (
			);
			dependencies = (
			);
			name = MKNetworkKit_Demo;
			productName = MKNetworkKit_Demo;
			productReference = 45A2A79D1999E72300B1263E /* MKNetworkKit_Demo.app */;
			productType = "com.apple.product-type.application";
		};
		45A2A7BD1999E72300B1263E /* MKNetworkKit_DemoTests */ = {
			isa = PBXNativeTarget;
			buildConfigurationList = 45A2A7D21999E72400B1263E /* Build configuration list for PBXNativeTarget "MKNetworkKit_DemoTests" */;
			buildPhases = (
				45A2A7BA1999E72300B1263E /* Sources */,
				45A2A7BB1999E72300B1263E /* Frameworks */,
				45A2A7BC1999E72300B1263E /* Resources */,
			);
			buildRules = (
			);
			dependencies = (
				45A2A7C41999E72300B1263E /* PBXTargetDependency */,
			);
			name = MKNetworkKit_DemoTests;
			productName = MKNetworkKit_DemoTests;
			productReference = 45A2A7BE1999E72300B1263E /* MKNetworkKit_DemoTests.xctest */;
			productType = "com.apple.product-type.bundle.unit-test";
		};
/* End PBXNativeTarget section */

/* Begin PBXProject section */
		45A2A7951999E72300B1263E /* Project object */ = {
			isa = PBXProject;
			attributes = {
				CLASSPREFIX = MKNetworkKit;
				LastUpgradeCheck = 0510;
				ORGANIZATIONNAME = Weichunhang;
				TargetAttributes = {
					45A2A7BD1999E72300B1263E = {
						TestTargetID = 45A2A79C1999E72300B1263E;
					};
				};
			};
			buildConfigurationList = 45A2A7981999E72300B1263E /* Build configuration list for PBXProject "MKNetworkKit_Demo" */;
			compatibilityVersion = "Xcode 3.2";
			developmentRegion = English;
			hasScannedForEncodings = 0;
			knownRegions = (
				en,
				Base,
			);
			mainGroup = 45A2A7941999E72300B1263E;
			productRefGroup = 45A2A79E1999E72300B1263E /* Products */;
			projectDirPath = "";
			projectRoot = "";
			targets = (
				45A2A79C1999E72300B1263E /* MKNetworkKit_Demo */,
				45A2A7BD1999E72300B1263E /* MKNetworkKit_DemoTests */,
			);
		};
/* End PBXProject section */

/* Begin PBXResourcesBuildPhase section */
		45A2A79B1999E72300B1263E /* Resources */ = {
			isa = PBXResourcesBuildPhase;
			buildActionMask = 2147483647;
			files = (
				45A2A7B91999E72300B1263E /* Images.xcassets in Resources */,
				45A2A7AB1999E72300B1263E /* InfoPlist.strings in Resources */,
				45A2A7B41999E72300B1263E /* Main.storyboard in Resources */,
				45A2A7FE1999FE5A00B1263E /* ProgressView.bundle in Resources */,
			);
			runOnlyForDeploymentPostprocessing = 0;
		};
		45A2A7BC1999E72300B1263E /* Resources */ = {
			isa = PBXResourcesBuildPhase;
			buildActionMask = 2147483647;
			files = (
				45A2A7CA1999E72400B1263E /* InfoPlist.strings in Resources */,
			);
			runOnlyForDeploymentPostprocessing = 0;
		};
/* End PBXResourcesBuildPhase section */

/* Begin PBXSourcesBuildPhase section */
		45A2A7991999E72300B1263E /* Sources */ = {
			isa = PBXSourcesBuildPhase;
			buildActionMask = 2147483647;
			files = (
				45A2A7B11999E72300B1263E /* MKNetworkKitAppDelegate.m in Sources */,
				45A2A7EC1999E90A00B1263E /* NSDictionary+RequestEncoding.m in Sources */,
				45A2A7ED1999E90A00B1263E /* NSString+MKNetworkKitAdditions.m in Sources */,
				45A2A7EE1999E90A00B1263E /* UIAlertView+MKNetworkKitAdditions.m in Sources */,
				45A2A7B71999E72300B1263E /* MKNetworkKitViewController.m in Sources */,
				45A2A7F11999E90A00B1263E /* MKNetworkOperation.m in Sources */,
				45A2A7EF1999E90A00B1263E /* UIImageView+MKNetworkKitAdditions.m in Sources */,
				45A2A7F01999E90A00B1263E /* MKNetworkEngine.m in Sources */,
				45A2A7AD1999E72300B1263E /* main.m in Sources */,
				45A2A7EB1999E90A00B1263E /* NSDate+RFC1123.m in Sources */,
				45A2A7F21999E90A00B1263E /* Reachability.m in Sources */,
				45A2A7EA1999E90A00B1263E /* NSData+MKBase64.m in Sources */,
				45A2A7FC1999FD9500B1263E /* ProgressView.m in Sources */,
			);
			runOnlyForDeploymentPostprocessing = 0;
		};
		45A2A7BA1999E72300B1263E /* Sources */ = {
			isa = PBXSourcesBuildPhase;
			buildActionMask = 2147483647;
			files = (
				45A2A7CC1999E72400B1263E /* MKNetworkKit_DemoTests.m in Sources */,
			);
			runOnlyForDeploymentPostprocessing = 0;
		};
/* End PBXSourcesBuildPhase section */

/* Begin PBXTargetDependency section */
		45A2A7C41999E72300B1263E /* PBXTargetDependency */ = {
			isa = PBXTargetDependency;
			target = 45A2A79C1999E72300B1263E /* MKNetworkKit_Demo */;
			targetProxy = 45A2A7C31999E72300B1263E /* PBXContainerItemProxy */;
		};
/* End PBXTargetDependency section */

/* Begin PBXVariantGroup section */
		45A2A7A91999E72300B1263E /* InfoPlist.strings */ = {
			isa = PBXVariantGroup;
			children = (
				45A2A7AA1999E72300B1263E /* en */,
			);
			name = InfoPlist.strings;
			sourceTree = "<group>";
		};
		45A2A7B21999E72300B1263E /* Main.storyboard */ = {
			isa = PBXVariantGroup;
			children = (
				45A2A7B31999E72300B1263E /* Base */,
			);
			name = Main.storyboard;
			sourceTree = "<group>";
		};
		45A2A7C81999E72400B1263E /* InfoPlist.strings */ = {
			isa = PBXVariantGroup;
			children = (
				45A2A7C91999E72400B1263E /* en */,
			);
			name = InfoPlist.strings;
			sourceTree = "<group>";
		};
/* End PBXVariantGroup section */

/* Begin XCBuildConfiguration section */
		45A2A7CD1999E72400B1263E /* Debug */ = {
			isa = XCBuildConfiguration;
			buildSettings = {
				ALWAYS_SEARCH_USER_PATHS = NO;
				CLANG_CXX_LANGUAGE_STANDARD = "gnu++0x";
				CLANG_CXX_LIBRARY = "libc++";
				CLANG_ENABLE_MODULES = YES;
				CLANG_ENABLE_OBJC_ARC = YES;
				CLANG_WARN_BOOL_CONVERSION = YES;
				CLANG_WARN_CONSTANT_CONVERSION = YES;
				CLANG_WARN_DIRECT_OBJC_ISA_USAGE = YES_ERROR;
				CLANG_WARN_EMPTY_BODY = YES;
				CLANG_WARN_ENUM_CONVERSION = YES;
				CLANG_WARN_INT_CONVERSION = YES;
				CLANG_WARN_OBJC_ROOT_CLASS = YES_ERROR;
				CLANG_WARN__DUPLICATE_METHOD_MATCH = YES;
				"CODE_SIGN_IDENTITY[sdk=iphoneos*]" = "iPhone Developer";
				COPY_PHASE_STRIP = NO;
				GCC_C_LANGUAGE_STANDARD = gnu99;
				GCC_DYNAMIC_NO_PIC = NO;
				GCC_OPTIMIZATION_LEVEL = 0;
				GCC_PREPROCESSOR_DEFINITIONS = (
					"DEBUG=1",
					"$(inherited)",
				);
				GCC_SYMBOLS_PRIVATE_EXTERN = NO;
				GCC_WARN_64_TO_32_BIT_CONVERSION = YES;
				GCC_WARN_ABOUT_RETURN_TYPE = YES_ERROR;
				GCC_WARN_UNDECLARED_SELECTOR = YES;
				GCC_WARN_UNINITIALIZED_AUTOS = YES_AGGRESSIVE;
				GCC_WARN_UNUSED_FUNCTION = YES;
				GCC_WARN_UNUSED_VARIABLE = YES;
				IPHONEOS_DEPLOYMENT_TARGET = 7.1;
				ONLY_ACTIVE_ARCH = YES;
				SDKROOT = iphoneos;
			};
			name = Debug;
		};
		45A2A7CE1999E72400B1263E /* Release */ = {
			isa = XCBuildConfiguration;
			buildSettings = {
				ALWAYS_SEARCH_USER_PATHS = NO;
				CLANG_CXX_LANGUAGE_STANDARD = "gnu++0x";
				CLANG_CXX_LIBRARY = "libc++";
				CLANG_ENABLE_MODULES = YES;
				CLANG_ENABLE_OBJC_ARC = YES;
				CLANG_WARN_BOOL_CONVERSION = YES;
				CLANG_WARN_CONSTANT_CONVERSION = YES;
				CLANG_WARN_DIRECT_OBJC_ISA_USAGE = YES_ERROR;
				CLANG_WARN_EMPTY_BODY = YES;
				CLANG_WARN_ENUM_CONVERSION = YES;
				CLANG_WARN_INT_CONVERSION = YES;
				CLANG_WARN_OBJC_ROOT_CLASS = YES_ERROR;
				CLANG_WARN__DUPLICATE_METHOD_MATCH = YES;
				"CODE_SIGN_IDENTITY[sdk=iphoneos*]" = "iPhone Developer";
				COPY_PHASE_STRIP = YES;
				ENABLE_NS_ASSERTIONS = NO;
				GCC_C_LANGUAGE_STANDARD = gnu99;
				GCC_WARN_64_TO_32_BIT_CONVERSION = YES;
				GCC_WARN_ABOUT_RETURN_TYPE = YES_ERROR;
				GCC_WARN_UNDECLARED_SELECTOR = YES;
				GCC_WARN_UNINITIALIZED_AUTOS = YES_AGGRESSIVE;
				GCC_WARN_UNUSED_FUNCTION = YES;
				GCC_WARN_UNUSED_VARIABLE = YES;
				IPHONEOS_DEPLOYMENT_TARGET = 7.1;
				SDKROOT = iphoneos;
				VALIDATE_PRODUCT = YES;
			};
			name = Release;
		};
		45A2A7D01999E72400B1263E /* Debug */ = {
			isa = XCBuildConfiguration;
			buildSettings = {
				ASSETCATALOG_COMPILER_APPICON_NAME = AppIcon;
				ASSETCATALOG_COMPILER_LAUNCHIMAGE_NAME = LaunchImage;
				GCC_PRECOMPILE_PREFIX_HEADER = YES;
				GCC_PREFIX_HEADER = "MKNetworkKit_Demo/MKNetworkKit_Demo-Prefix.pch";
				INFOPLIST_FILE = "MKNetworkKit_Demo/MKNetworkKit_Demo-Info.plist";
				PRODUCT_NAME = "$(TARGET_NAME)";
				WRAPPER_EXTENSION = app;
			};
			name = Debug;
		};
		45A2A7D11999E72400B1263E /* Release */ = {
			isa = XCBuildConfiguration;
			buildSettings = {
				ASSETCATALOG_COMPILER_APPICON_NAME = AppIcon;
				ASSETCATALOG_COMPILER_LAUNCHIMAGE_NAME = LaunchImage;
				GCC_PRECOMPILE_PREFIX_HEADER = YES;
				GCC_PREFIX_HEADER = "MKNetworkKit_Demo/MKNetworkKit_Demo-Prefix.pch";
				INFOPLIST_FILE = "MKNetworkKit_Demo/MKNetworkKit_Demo-Info.plist";
				PRODUCT_NAME = "$(TARGET_NAME)";
				WRAPPER_EXTENSION = app;
			};
			name = Release;
		};
		45A2A7D31999E72400B1263E /* Debug */ = {
			isa = XCBuildConfiguration;
			buildSettings = {
				BUNDLE_LOADER = "$(BUILT_PRODUCTS_DIR)/MKNetworkKit_Demo.app/MKNetworkKit_Demo";
				FRAMEWORK_SEARCH_PATHS = (
					"$(SDKROOT)/Developer/Library/Frameworks",
					"$(inherited)",
					"$(DEVELOPER_FRAMEWORKS_DIR)",
				);
				GCC_PRECOMPILE_PREFIX_HEADER = YES;
				GCC_PREFIX_HEADER = "MKNetworkKit_Demo/MKNetworkKit_Demo-Prefix.pch";
				GCC_PREPROCESSOR_DEFINITIONS = (
					"DEBUG=1",
					"$(inherited)",
				);
				INFOPLIST_FILE = "MKNetworkKit_DemoTests/MKNetworkKit_DemoTests-Info.plist";
				PRODUCT_NAME = "$(TARGET_NAME)";
				TEST_HOST = "$(BUNDLE_LOADER)";
				WRAPPER_EXTENSION = xctest;
			};
			name = Debug;
		};
		45A2A7D41999E72400B1263E /* Release */ = {
			isa = XCBuildConfiguration;
			buildSettings = {
				BUNDLE_LOADER = "$(BUILT_PRODUCTS_DIR)/MKNetworkKit_Demo.app/MKNetworkKit_Demo";
				FRAMEWORK_SEARCH_PATHS = (
					"$(SDKROOT)/Developer/Library/Frameworks",
					"$(inherited)",
					"$(DEVELOPER_FRAMEWORKS_DIR)",
				);
				GCC_PRECOMPILE_PREFIX_HEADER = YES;
				GCC_PREFIX_HEADER = "MKNetworkKit_Demo/MKNetworkKit_Demo-Prefix.pch";
				INFOPLIST_FILE = "MKNetworkKit_DemoTests/MKNetworkKit_DemoTests-Info.plist";
				PRODUCT_NAME = "$(TARGET_NAME)";
				TEST_HOST = "$(BUNDLE_LOADER)";
				WRAPPER_EXTENSION = xctest;
			};
			name = Release;
		};
/* End XCBuildConfiguration section */

/* Begin XCConfigurationList section */
		45A2A7981999E72300B1263E /* Build configuration list for PBXProject "MKNetworkKit_Demo" */ = {
			isa = XCConfigurationList;
			buildConfigurations = (
				45A2A7CD1999E72400B1263E /* Debug */,
				45A2A7CE1999E72400B1263E /* Release */,
			);
			defaultConfigurationIsVisible = 0;
			defaultConfigurationName = Release;
		};
		45A2A7CF1999E72400B1263E /* Build configuration list for PBXNativeTarget "MKNetworkKit_Demo" */ = {
			isa = XCConfigurationList;
			buildConfigurations = (
				45A2A7D01999E72400B1263E /* Debug */,
				45A2A7D11999E72400B1263E /* Release */,
			);
			defaultConfigurationIsVisible = 0;
		};
		45A2A7D21999E72400B1263E /* Build configuration list for PBXNativeTarget "MKNetworkKit_DemoTests" */ = {
			isa = XCConfigurationList;
			buildConfigurations = (
				45A2A7D31999E72400B1263E /* Debug */,
				45A2A7D41999E72400B1263E /* Release */,
			);
			defaultConfigurationIsVisible = 0;
		};
/* End XCConfigurationList section */
	};
	rootObject = 45A2A7951999E72300B1263E /* Project object */;
}
